
Microsoft Visual Studio Solution File, Format Version 12.00
# Visual Studio Version 16
VisualStudioVersion = 16.0.30406.217
MinimumVisualStudioVersion = 10.0.40219.1
Project("{FAE04EC0-301F-11D3-BF4B-00C04F79EFBC}") = "DataRecord_ColombianMaps", "DataRecord_ColombianMaps\DataRecord_ColombianMaps.csproj", "{6B99B287-D297-4F8E-ACA7-E103488B6191}"
EndProject
Global
	GlobalSection(SolutionConfigurationPlatforms) = preSolution
		Debug|Any CPU = Debug|Any CPU
		Release|Any CPU = Release|Any CPU
	EndGlobalSection
	GlobalSection(ProjectConfigurationPlatforms) = postSolution
		{6B99B287-D297-4F8E-ACA7-E103488B6191}.Debug|Any CPU.ActiveCfg = Debug|Any CPU
		{6B99B287-D297-4F8E-ACA7-E103488B6191}.Debug|Any CPU.Build.0 = Debug|Any CPU
		{6B99B287-D297-4F8E-ACA7-E103488B6191}.Release|Any CPU.ActiveCfg = Release|Any CPU
		{6B99B287-D297-4F8E-ACA7-E103488B6191}.Release|Any CPU.Build.0 = Release|Any CPU
	EndGlobalSection
	GlobalSection(SolutionProperties) = preSolution
		HideSolutionNode = FALSE
	EndGlobalSection
	GlobalSection(ExtensibilityGlobals) = postSolution
		SolutionGuid = {F4B0DBD8-28FC-46E7-91B0-F8551096719E}
	EndGlobalSection
EndGlobal
